
Microsoft Visual Studio Solution File, Format Version 12.00
# Visual Studio 15
VisualStudioVersion = 15.0.27703.2026
MinimumVisualStudioVersion = 10.0.40219.1
Project("{FAE04EC0-301F-11D3-BF4B-00C04F79EFBC}") = "InfoTrafic17.Android", "InfoTrafic17\InfoTrafic17.Android\InfoTrafic17.Android.csproj", "{7E9C74C4-56C8-4E0F-A622-3D3BAAFFF920}"
EndProject
Project("{FAE04EC0-301F-11D3-BF4B-00C04F79EFBC}") = "InfoTrafic17.iOS", "InfoTrafic17\InfoTrafic17.iOS\InfoTrafic17.iOS.csproj", "{82B05AF4-24F9-49D5-97E6-27D3D20C9C1A}"
EndProject
Project("{FAE04EC0-301F-11D3-BF4B-00C04F79EFBC}") = "InfoTrafic17", "InfoTrafic17\InfoTrafic17\InfoTrafic17.csproj", "{8789D9CA-4C6A-4C2F-9073-1DCA232D9EBD}"
EndProject
Global
	GlobalSection(SolutionConfigurationPlatforms) = preSolution
		Ad-Hoc|Any CPU = Ad-Hoc|Any CPU
		Ad-Hoc|iPhone = Ad-Hoc|iPhone
		Ad-Hoc|iPhoneSimulator = Ad-Hoc|iPhoneSimulator
		AppStore|Any CPU = AppStore|Any CPU
		AppStore|iPhone = AppStore|iPhone
		AppStore|iPhoneSimulator = AppStore|iPhoneSimulator
		Debug|Any CPU = Debug|Any CPU
		Debug|iPhone = Debug|iPhone
		Debug|iPhoneSimulator = Debug|iPhoneSimulator
		Release|Any CPU = Release|Any CPU
		Release|iPhone = Release|iPhone
		Release|iPhoneSimulator = Release|iPhoneSimulator
	EndGlobalSection
	GlobalSection(ProjectConfigurationPlatforms) = postSolution
		{7E9C74C4-56C8-4E0F-A622-3D3BAAFFF920}.Ad-Hoc|Any CPU.ActiveCfg = Release|Any CPU
		{7E9C74C4-56C8-4E0F-A622-3D3BAAFFF920}.Ad-Hoc|Any CPU.Build.0 = Release|Any CPU
		{7E9C74C4-56C8-4E0F-A622-3D3BAAFFF920}.Ad-Hoc|Any CPU.Deploy.0 = Release|Any CPU
		{7E9C74C4-56C8-4E0F-A622-3D3BAAFFF920}.Ad-Hoc|iPhone.ActiveCfg = Release|Any CPU
		{7E9C74C4-56C8-4E0F-A622-3D3BAAFFF920}.Ad-Hoc|iPhone.Build.0 = Release|Any CPU
		{7E9C74C4-56C8-4E0F-A622-3D3BAAFFF920}.Ad-Hoc|iPhone.Deploy.0 = Release|Any CPU
		{7E9C74C4-56C8-4E0F-A622-3D3BAAFFF920}.Ad-Hoc|iPhoneSimulator.ActiveCfg = Release|Any CPU
		{7E9C74C4-56C8-4E0F-A622-3D3BAAFFF920}.Ad-Hoc|iPhoneSimulator.Build.0 = Release|Any CPU
		{7E9C74C4-56C8-4E0F-A622-3D3BAAFFF920}.Ad-Hoc|iPhoneSimulator.Deploy.0 = Release|Any CPU
		{7E9C74C4-56C8-4E0F-A622-3D3BAAFFF920}.AppStore|Any CPU.ActiveCfg = Release|Any CPU
		{7E9C74C4-56C8-4E0F-A622-3D3BAAFFF920}.AppStore|Any CPU.Build.0 = Release|Any CPU
		{7E9C74C4-56C8-4E0F-A622-3D3BAAFFF920}.AppStore|Any CPU.Deploy.0 = Release|Any CPU
		{7E9C74C4-56C8-4E0F-A622-3D3BAAFFF920}.AppStore|iPhone.ActiveCfg = Release|Any CPU
		{7E9C74C4-56C8-4E0F-A622-3D3BAAFFF920}.AppStore|iPhone.Build.0 = Release|Any CPU
		{7E9C74C4-56C8-4E0F-A622-3D3BAAFFF920}.AppStore|iPhone.Deploy.0 = Release|Any CPU
		{7E9C74C4-56C8-4E0F-A622-3D3BAAFFF920}.AppStore|iPhoneSimulator.ActiveCfg = Release|Any CPU
		{7E9C74C4-56C8-4E0F-A622-3D3BAAFFF920}.AppStore|iPhoneSimulator.Build.0 = Release|Any CPU
		{7E9C74C4-56C8-4E0F-A622-3D3BAAFFF920}.AppStore|iPhoneSimulator.Deploy.0 = Release|Any CPU
		{7E9C74C4-56C8-4E0F-A622-3D3BAAFFF920}.Debug|Any CPU.ActiveCfg = Debug|Any CPU
		{7E9C74C4-56C8-4E0F-A622-3D3BAAFFF920}.Debug|Any CPU.Build.0 = Debug|Any CPU
		{7E9C74C4-56C8-4E0F-A622-3D3BAAFFF920}.Debug|Any CPU.Deploy.0 = Debug|Any CPU
		{7E9C74C4-56C8-4E0F-A622-3D3BAAFFF920}.Debug|iPhone.ActiveCfg = Debug|Any CPU
		{7E9C74C4-56C8-4E0F-A622-3D3BAAFFF920}.Debug|iPhone.Build.0 = Debug|Any CPU
		{7E9C74C4-56C8-4E0F-A622-3D3BAAFFF920}.Debug|iPhone.Deploy.0 = Debug|Any CPU
		{7E9C74C4-56C8-4E0F-A622-3D3BAAFFF920}.Debug|iPhoneSimulator.ActiveCfg = Debug|Any CPU
		{7E9C74C4-56C8-4E0F-A622-3D3BAAFFF920}.Debug|iPhoneSimulator.Build.0 = Debug|Any CPU
		{7E9C74C4-56C8-4E0F-A622-3D3BAAFFF920}.Debug|iPhoneSimulator.Deploy.0 = Debug|Any CPU
		{7E9C74C4-56C8-4E0F-A622-3D3BAAFFF920}.Release|Any CPU.ActiveCfg = Release|Any CPU
		{7E9C74C4-56C8-4E0F-A622-3D3BAAFFF920}.Release|Any CPU.Build.0 = Release|Any CPU
		{7E9C74C4-56C8-4E0F-A622-3D3BAAFFF920}.Release|Any CPU.Deploy.0 = Release|Any CPU
		{7E9C74C4-56C8-4E0F-A622-3D3BAAFFF920}.Release|iPhone.ActiveCfg = Release|Any CPU
		{7E9C74C4-56C8-4E0F-A622-3D3BAAFFF920}.Release|iPhone.Build.0 = Release|Any CPU
		{7E9C74C4-56C8-4E0F-A622-3D3BAAFFF920}.Release|iPhone.Deploy.0 = Release|Any CPU
		{7E9C74C4-56C8-4E0F-A622-3D3BAAFFF920}.Release|iPhoneSimulator.ActiveCfg = Release|Any CPU
		{7E9C74C4-56C8-4E0F-A622-3D3BAAFFF920}.Release|iPhoneSimulator.Build.0 = Release|Any CPU
		{7E9C74C4-56C8-4E0F-A622-3D3BAAFFF920}.Release|iPhoneSimulator.Deploy.0 = Release|Any CPU
		{82B05AF4-24F9-49D5-97E6-27D3D20C9C1A}.Ad-Hoc|Any CPU.ActiveCfg = Ad-Hoc|iPhone
		{82B05AF4-24F9-49D5-97E6-27D3D20C9C1A}.Ad-Hoc|Any CPU.Build.0 = Ad-Hoc|iPhone
		{82B05AF4-24F9-49D5-97E6-27D3D20C9C1A}.Ad-Hoc|Any CPU.Deploy.0 = Ad-Hoc|iPhone
		{82B05AF4-24F9-49D5-97E6-27D3D20C9C1A}.Ad-Hoc|iPhone.ActiveCfg = Ad-Hoc|iPhone
		{82B05AF4-24F9-49D5-97E6-27D3D20C9C1A}.Ad-Hoc|iPhone.Build.0 = Ad-Hoc|iPhone
		{82B05AF4-24F9-49D5-97E6-27D3D20C9C1A}.Ad-Hoc|iPhone.Deploy.0 = Ad-Hoc|iPhone
		{82B05AF4-24F9-49D5-97E6-27D3D20C9C1A}.Ad-Hoc|iPhoneSimulator.ActiveCfg = Ad-Hoc|iPhoneSimulator
		{82B05AF4-24F9-49D5-97E6-27D3D20C9C1A}.Ad-Hoc|iPhoneSimulator.Build.0 = Ad-Hoc|iPhoneSimulator
		{82B05AF4-24F9-49D5-97E6-27D3D20C9C1A}.Ad-Hoc|iPhoneSimulator.Deploy.0 = Ad-Hoc|iPhoneSimulator
		{82B05AF4-24F9-49D5-97E6-27D3D20C9C1A}.AppStore|Any CPU.ActiveCfg = AppStore|iPhone
		{82B05AF4-24F9-49D5-97E6-27D3D20C9C1A}.AppStore|Any CPU.Build.0 = AppStore|iPhone
		{82B05AF4-24F9-49D5-97E6-27D3D20C9C1A}.AppStore|Any CPU.Deploy.0 = AppStore|iPhone
		{82B05AF4-24F9-49D5-97E6-27D3D20C9C1A}.AppStore|iPhone.ActiveCfg = AppStore|iPhone
		{82B05AF4-24F9-49D5-97E6-27D3D20C9C1A}.AppStore|iPhone.Build.0 = AppStore|iPhone
		{82B05AF4-24F9-49D5-97E6-27D3D20C9C1A}.AppStore|iPhone.Deploy.0 = AppStore|iPhone
		{82B05AF4-24F9-49D5-97E6-27D3D20C9C1A}.AppStore|iPhoneSimulator.ActiveCfg = AppStore|iPhoneSimulator
		{82B05AF4-24F9-49D5-97E6-27D3D20C9C1A}.AppStore|iPhoneSimulator.Build.0 = AppStore|iPhoneSimulator
		{82B05AF4-24F9-49D5-97E6-27D3D20C9C1A}.AppStore|iPhoneSimulator.Deploy.0 = AppStore|iPhoneSimulator
		{82B05AF4-24F9-49D5-97E6-27D3D20C9C1A}.Debug|Any CPU.ActiveCfg = Debug|iPhoneSimulator
		{82B05AF4-24F9-49D5-97E6-27D3D20C9C1A}.Debug|Any CPU.Build.0 = Debug|iPhoneSimulator
		{82B05AF4-24F9-49D5-97E6-27D3D20C9C1A}.Debug|Any CPU.Deploy.0 = Debug|iPhoneSimulator
		{82B05AF4-24F9-49D5-97E6-27D3D20C9C1A}.Debug|iPhone.ActiveCfg = Debug|iPhone
		{82B05AF4-24F9-49D5-97E6-27D3D20C9C1A}.Debug|iPhone.Build.0 = Debug|iPhone
		{82B05AF4-24F9-49D5-97E6-27D3D20C9C1A}.Debug|iPhone.Deploy.0 = Debug|iPhone
		{82B05AF4-24F9-49D5-97E6-27D3D20C9C1A}.Debug|iPhoneSimulator.ActiveCfg = Debug|iPhoneSimulator
		{82B05AF4-24F9-49D5-97E6-27D3D20C9C1A}.Debug|iPhoneSimulator.Build.0 = Debug|iPhoneSimulator
		{82B05AF4-24F9-49D5-97E6-27D3D20C9C1A}.Debug|iPhoneSimulator.Deploy.0 = Debug|iPhoneSimulator
		{82B05AF4-24F9-49D5-97E6-27D3D20C9C1A}.Release|Any CPU.ActiveCfg = Release|iPhone
		{82B05AF4-24F9-49D5-97E6-27D3D20C9C1A}.Release|Any CPU.Build.0 = Release|iPhone
		{82B05AF4-24F9-49D5-97E6-27D3D20C9C1A}.Release|Any CPU.Deploy.0 = Release|iPhone
		{82B05AF4-24F9-49D5-97E6-27D3D20C9C1A}.Release|iPhone.ActiveCfg = Release|iPhone
		{82B05AF4-24F9-49D5-97E6-27D3D20C9C1A}.Release|iPhone.Build.0 = Release|iPhone
		{82B05AF4-24F9-49D5-97E6-27D3D20C9C1A}.Release|iPhone.Deploy.0 = Release|iPhone
		{82B05AF4-24F9-49D5-97E6-27D3D20C9C1A}.Release|iPhoneSimulator.ActiveCfg = Release|iPhoneSimulator
		{82B05AF4-24F9-49D5-97E6-27D3D20C9C1A}.Release|iPhoneSimulator.Build.0 = Release|iPhoneSimulator
		{82B05AF4-24F9-49D5-97E6-27D3D20C9C1A}.Release|iPhoneSimulator.Deploy.0 = Release|iPhoneSimulator
		{8789D9CA-4C6A-4C2F-9073-1DCA232D9EBD}.Ad-Hoc|Any CPU.ActiveCfg = Debug|Any CPU
		{8789D9CA-4C6A-4C2F-9073-1DCA232D9EBD}.Ad-Hoc|Any CPU.Build.0 = Debug|Any CPU
		{8789D9CA-4C6A-4C2F-9073-1DCA232D9EBD}.Ad-Hoc|Any CPU.Deploy.0 = Debug|Any CPU
		{8789D9CA-4C6A-4C2F-9073-1DCA232D9EBD}.Ad-Hoc|iPhone.ActiveCfg = Debug|Any CPU
		{8789D9CA-4C6A-4C2F-9073-1DCA232D9EBD}.Ad-Hoc|iPhone.Build.0 = Debug|Any CPU
		{8789D9CA-4C6A-4C2F-9073-1DCA232D9EBD}.Ad-Hoc|iPhone.Deploy.0 = Debug|Any CPU
		{8789D9CA-4C6A-4C2F-9073-1DCA232D9EBD}.Ad-Hoc|iPhoneSimulator.ActiveCfg = Debug|Any CPU
		{8789D9CA-4C6A-4C2F-9073-1DCA232D9EBD}.Ad-Hoc|iPhoneSimulator.Build.0 = Debug|Any CPU
		{8789D9CA-4C6A-4C2F-9073-1DCA232D9EBD}.Ad-Hoc|iPhoneSimulator.Deploy.0 = Debug|Any CPU
		{8789D9CA-4C6A-4C2F-9073-1DCA232D9EBD}.AppStore|Any CPU.ActiveCfg = Debug|Any CPU
		{8789D9CA-4C6A-4C2F-9073-1DCA232D9EBD}.AppStore|Any CPU.Build.0 = Debug|Any CPU
		{8789D9CA-4C6A-4C2F-9073-1DCA232D9EBD}.AppStore|Any CPU.Deploy.0 = Debug|Any CPU
		{8789D9CA-4C6A-4C2F-9073-1DCA232D9EBD}.AppStore|iPhone.ActiveCfg = Debug|Any CPU
		{8789D9CA-4C6A-4C2F-9073-1DCA232D9EBD}.AppStore|iPhone.Build.0 = Debug|Any CPU
		{8789D9CA-4C6A-4C2F-9073-1DCA232D9EBD}.AppStore|iPhone.Deploy.0 = Debug|Any CPU
		{8789D9CA-4C6A-4C2F-9073-1DCA232D9EBD}.AppStore|iPhoneSimulator.ActiveCfg = Debug|Any CPU
		{8789D9CA-4C6A-4C2F-9073-1DCA232D9EBD}.AppStore|iPhoneSimulator.Build.0 = Debug|Any CPU
		{8789D9CA-4C6A-4C2F-9073-1DCA232D9EBD}.AppStore|iPhoneSimulator.Deploy.0 = Debug|Any CPU
		{8789D9CA-4C6A-4C2F-9073-1DCA232D9EBD}.Debug|Any CPU.ActiveCfg = Debug|Any CPU
		{8789D9CA-4C6A-4C2F-9073-1DCA232D9EBD}.Debug|Any CPU.Build.0 = Debug|Any CPU
		{8789D9CA-4C6A-4C2F-9073-1DCA232D9EBD}.Debug|Any CPU.Deploy.0 = Debug|Any CPU
		{8789D9CA-4C6A-4C2F-9073-1DCA232D9EBD}.Debug|iPhone.ActiveCfg = Debug|Any CPU
		{8789D9CA-4C6A-4C2F-9073-1DCA232D9EBD}.Debug|iPhone.Build.0 = Debug|Any CPU
		{8789D9CA-4C6A-4C2F-9073-1DCA232D9EBD}.Debug|iPhone.Deploy.0 = Debug|Any CPU
		{8789D9CA-4C6A-4C2F-9073-1DCA232D9EBD}.Debug|iPhoneSimulator.ActiveCfg = Debug|Any CPU
		{8789D9CA-4C6A-4C2F-9073-1DCA232D9EBD}.Debug|iPhoneSimulator.Build.0 = Debug|Any CPU
		{8789D9CA-4C6A-4C2F-9073-1DCA232D9EBD}.Debug|iPhoneSimulator.Deploy.0 = Debug|Any CPU
		{8789D9CA-4C6A-4C2F-9073-1DCA232D9EBD}.Release|Any CPU.ActiveCfg = Release|Any CPU
		{8789D9CA-4C6A-4C2F-9073-1DCA232D9EBD}.Release|Any CPU.Build.0 = Release|Any CPU
		{8789D9CA-4C6A-4C2F-9073-1DCA232D9EBD}.Release|Any CPU.Deploy.0 = Release|Any CPU
		{8789D9CA-4C6A-4C2F-9073-1DCA232D9EBD}.Release|iPhone.ActiveCfg = Release|Any CPU
		{8789D9CA-4C6A-4C2F-9073-1DCA232D9EBD}.Release|iPhone.Build.0 = Release|Any CPU
		{8789D9CA-4C6A-4C2F-9073-1DCA232D9EBD}.Release|iPhone.Deploy.0 = Release|Any CPU
		{8789D9CA-4C6A-4C2F-9073-1DCA232D9EBD}.Release|iPhoneSimulator.ActiveCfg = Release|Any CPU
		{8789D9CA-4C6A-4C2F-9073-1DCA232D9EBD}.Release|iPhoneSimulator.Build.0 = Release|Any CPU
		{8789D9CA-4C6A-4C2F-9073-1DCA232D9EBD}.Release|iPhoneSimulator.Deploy.0 = Release|Any CPU
	EndGlobalSection
	GlobalSection(SolutionProperties) = preSolution
		HideSolutionNode = FALSE
	EndGlobalSection
	GlobalSection(ExtensibilityGlobals) = postSolution
		SolutionGuid = {0B2E1114-7592-49E1-95C6-1769882F436C}
	EndGlobalSection
EndGlobal
